
Microsoft Visual Studio Solution File, Format Version 12.00
# Visual Studio 15
VisualStudioVersion = 15.0.28307.705
MinimumVisualStudioVersion = 10.0.40219.1
Project("{9A19103F-16F7-4668-BE54-9A1E7A4F7556}") = "MyApp.Models", "MyApp.Models\MyApp.Models.csproj", "{F30C1929-5360-464C-B271-FBC36930FE8F}"
EndProject
Project("{9A19103F-16F7-4668-BE54-9A1E7A4F7556}") = "MyApp.Data", "MyApp.Data\MyApp.Data.csproj", "{D6961990-E180-4C06-93C3-10B0B151D2E8}"
EndProject
Project("{FAE04EC0-301F-11D3-BF4B-00C04F79EFBC}") = "MyApp.MVC", "MyApp.MVC\MyApp.MVC.csproj", "{B257EE17-7BEF-47A2-ABCA-206A5D12FD2F}"
EndProject
Global
	GlobalSection(SolutionConfigurationPlatforms) = preSolution
		Debug|Any CPU = Debug|Any CPU
		Release|Any CPU = Release|Any CPU
	EndGlobalSection
	GlobalSection(ProjectConfigurationPlatforms) = postSolution
		{F30C1929-5360-464C-B271-FBC36930FE8F}.Debug|Any CPU.ActiveCfg = Debug|Any CPU
		{F30C1929-5360-464C-B271-FBC36930FE8F}.Debug|Any CPU.Build.0 = Debug|Any CPU
		{F30C1929-5360-464C-B271-FBC36930FE8F}.Release|Any CPU.ActiveCfg = Release|Any CPU
		{F30C1929-5360-464C-B271-FBC36930FE8F}.Release|Any CPU.Build.0 = Release|Any CPU
		{D6961990-E180-4C06-93C3-10B0B151D2E8}.Debug|Any CPU.ActiveCfg = Debug|Any CPU
		{D6961990-E180-4C06-93C3-10B0B151D2E8}.Debug|Any CPU.Build.0 = Debug|Any CPU
		{D6961990-E180-4C06-93C3-10B0B151D2E8}.Release|Any CPU.ActiveCfg = Release|Any CPU
		{D6961990-E180-4C06-93C3-10B0B151D2E8}.Release|Any CPU.Build.0 = Release|Any CPU
		{B257EE17-7BEF-47A2-ABCA-206A5D12FD2F}.Debug|Any CPU.ActiveCfg = Debug|Any CPU
		{B257EE17-7BEF-47A2-ABCA-206A5D12FD2F}.Debug|Any CPU.Build.0 = Debug|Any CPU
		{B257EE17-7BEF-47A2-ABCA-206A5D12FD2F}.Release|Any CPU.ActiveCfg = Release|Any CPU
		{B257EE17-7BEF-47A2-ABCA-206A5D12FD2F}.Release|Any CPU.Build.0 = Release|Any CPU
	EndGlobalSection
	GlobalSection(SolutionProperties) = preSolution
		HideSolutionNode = FALSE
	EndGlobalSection
	GlobalSection(ExtensibilityGlobals) = postSolution
		SolutionGuid = {FCDEAD05-B15E-4E0E-8D0C-AAA92DCF4DC6}
	EndGlobalSection
EndGlobal
